// !$*UTF8*$!
{
	archiveVersion = 1;
	classes = {
	};
	objectVersion = 46;
	objects = {

/* Begin PBXBuildFile section */
		33E2D58B1C71A68C00827651 /* main.m in Sources */ = {isa = PBXBuildFile; fileRef = 33E2D58A1C71A68C00827651 /* main.m */; };
		33E2D58E1C71A68C00827651 /* AppDelegate.m in Sources */ = {isa = PBXBuildFile; fileRef = 33E2D58D1C71A68C00827651 /* AppDelegate.m */; };
		33E2D5911C71A68C00827651 /* ViewController.m in Sources */ = {isa = PBXBuildFile; fileRef = 33E2D5901C71A68C00827651 /* ViewController.m */; };
		33E2D5941C71A68C00827651 /* Main.storyboard in Resources */ = {isa = PBXBuildFile; fileRef = 33E2D5921C71A68C00827651 /* Main.storyboard */; };
		33E2D5961C71A68C00827651 /* Images.xcassets in Resources */ = {isa = PBXBuildFile; fileRef = 33E2D5951C71A68C00827651 /* Images.xcassets */; };
		33E2D5991C71A68C00827651 /* LaunchScreen.xib in Resources */ = {isa = PBXBuildFile; fileRef = 33E2D5971C71A68C00827651 /* LaunchScreen.xib */; };
		33E2D5A51C71A68C00827651 /* testTests.m in Sources */ = {isa = PBXBuildFile; fileRef = 33E2D5A41C71A68C00827651 /* testTests.m */; };
		33E2D5B21C71AE6300827651 /* NSString+AES256.m in Sources */ = {isa = PBXBuildFile; fileRef = 33E2D5B11C71AE6300827651 /* NSString+AES256.m */; };
		33E2D5B51C71AF1700827651 /* NSData+AES256.m in Sources */ = {isa = PBXBuildFile; fileRef = 33E2D5B41C71AF1700827651 /* NSData+AES256.m */; };
/* End PBXBuildFile section */

/* Begin PBXContainerItemProxy section */
		33E2D59F1C71A68C00827651 /* PBXContainerItemProxy */ = {
			isa = PBXContainerItemProxy;
			containerPortal = 33E2D57D1C71A68C00827651 /* Project object */;
			proxyType = 1;
			remoteGlobalIDString = 33E2D5841C71A68C00827651;
			remoteInfo = test;
		};
/* End PBXContainerItemProxy section */

/* Begin PBXFileReference section */
		33E2D5851C71A68C00827651 /* test.app */ = {isa = PBXFileReference; explicitFileType = wrapper.application; includeInIndex = 0; path = test.app; sourceTree = BUILT_PRODUCTS_DIR; };
		33E2D5891C71A68C00827651 /* Info.plist */ = {isa = PBXFileReference; lastKnownFileType = text.plist.xml; path = Info.plist; sourceTree = "<group>"; };
		33E2D58A1C71A68C00827651 /* main.m */ = {isa = PBXFileReference; lastKnownFileType = sourcecode.c.objc; path = main.m; sourceTree = "<group>"; };
		33E2D58C1C71A68C00827651 /* AppDelegate.h */ = {isa = PBXFileReference; lastKnownFileType = sourcecode.c.h; path = AppDelegate.h; sourceTree = "<group>"; };
		33E2D58D1C71A68C00827651 /* AppDelegate.m */ = {isa = PBXFileReference; lastKnownFileType = sourcecode.c.objc; path = AppDelegate.m; sourceTree = "<group>"; };
		33E2D58F1C71A68C00827651 /* ViewController.h */ = {isa = PBXFileReference; lastKnownFileType = sourcecode.c.h; path = ViewController.h; sourceTree = "<group>"; };
		33E2D5901C71A68C00827651 /* ViewController.m */ = {isa = PBXFileReference; lastKnownFileType = sourcecode.c.objc; path = ViewController.m; sourceTree = "<group>"; };
		33E2D5931C71A68C00827651 /* Base */ = {isa = PBXFileReference; lastKnownFileType = file.storyboard; name = Base; path = Base.lproj/Main.storyboard; sourceTree = "<group>"; };
		33E2D5951C71A68C00827651 /* Images.xcassets */ = {isa = PBXFileReference; lastKnownFileType = folder.assetcatalog; path = Images.xcassets; sourceTree = "<group>"; };
		33E2D5981C71A68C00827651 /* Base */ = {isa = PBXFileReference; lastKnownFileType = file.xib; name = Base; path = Base.lproj/LaunchScreen.xib; sourceTree = "<group>"; };
		33E2D59E1C71A68C00827651 /* testTests.xctest */ = {isa = PBXFileReference; explicitFileType = wrapper.cfbundle; includeInIndex = 0; path = testTests.xctest; sourceTree = BUILT_PRODUCTS_DIR; };
		33E2D5A31C71A68C00827651 /* Info.plist */ = {isa = PBXFileReference; lastKnownFileType = text.plist.xml; path = Info.plist; sourceTree = "<group>"; };
		33E2D5A41C71A68C00827651 /* testTests.m */ = {isa = PBXFileReference; lastKnownFileType = sourcecode.c.objc; path = testTests.m; sourceTree = "<group>"; };
		33E2D5B01C71AE6300827651 /* NSString+AES256.h */ = {isa = PBXFileReference; fileEncoding = 4; lastKnownFileType = sourcecode.c.h; path = "NSString+AES256.h"; sourceTree = "<group>"; };
		33E2D5B11C71AE6300827651 /* NSString+AES256.m */ = {isa = PBXFileReference; fileEncoding = 4; lastKnownFileType = sourcecode.c.objc; path = "NSString+AES256.m"; sourceTree = "<group>"; };
		33E2D5B31C71AF1700827651 /* NSData+AES256.h */ = {isa = PBXFileReference; fileEncoding = 4; lastKnownFileType = sourcecode.c.h; path = "NSData+AES256.h"; sourceTree = "<group>"; };
		33E2D5B41C71AF1700827651 /* NSData+AES256.m */ = {isa = PBXFileReference; fileEncoding = 4; lastKnownFileType = sourcecode.c.objc; path = "NSData+AES256.m"; sourceTree = "<group>"; };
/* End PBXFileReference section */

/* Begin PBXFrameworksBuildPhase section */
		33E2D5821C71A68C00827651 /* Frameworks */ = {
			isa = PBXFrameworksBuildPhase;
			buildActionMask = 2147483647;
			files = (
			);
			runOnlyForDeploymentPostprocessing = 0;
		};
		33E2D59B1C71A68C00827651 /* Frameworks */ = {
			isa = PBXFrameworksBuildPhase;
			buildActionMask = 2147483647;
			files = (
			);
			runOnlyForDeploymentPostprocessing = 0;
		};
/* End PBXFrameworksBuildPhase section */

/* Begin PBXGroup section */
		33E2D57C1C71A68C00827651 = {
			isa = PBXGroup;
			children = (
				33E2D5871C71A68C00827651 /* test */,
				33E2D5A11C71A68C00827651 /* testTests */,
				33E2D5861C71A68C00827651 /* Products */,
			);
			sourceTree = "<group>";
		};
		33E2D5861C71A68C00827651 /* Products */ = {
			isa = PBXGroup;
			children = (
				33E2D5851C71A68C00827651 /* test.app */,
				33E2D59E1C71A68C00827651 /* testTests.xctest */,
			);
			name = Products;
			sourceTree = "<group>";
		};
		33E2D5871C71A68C00827651 /* test */ = {
			isa = PBXGroup;
			children = (
				33E2D58C1C71A68C00827651 /* AppDelegate.h */,
				33E2D58D1C71A68C00827651 /* AppDelegate.m */,
				33E2D58F1C71A68C00827651 /* ViewController.h */,
				33E2D5901C71A68C00827651 /* ViewController.m */,
				33E2D5B01C71AE6300827651 /* NSString+AES256.h */,
				33E2D5B11C71AE6300827651 /* NSString+AES256.m */,
				33E2D5B31C71AF1700827651 /* NSData+AES256.h */,
				33E2D5B41C71AF1700827651 /* NSData+AES256.m */,
				33E2D5921C71A68C00827651 /* Main.storyboard */,
				33E2D5951C71A68C00827651 /* Images.xcassets */,
				33E2D5971C71A68C00827651 /* LaunchScreen.xib */,
				33E2D5881C71A68C00827651 /* Supporting Files */,
			);
			path = test;
			sourceTree = "<group>";
		};
		33E2D5881C71A68C00827651 /* Supporting Files */ = {
			isa = PBXGroup;
			children = (
				33E2D5891C71A68C00827651 /* Info.plist */,
				33E2D58A1C71A68C00827651 /* main.m */,
			);
			name = "Supporting Files";
			sourceTree = "<group>";
		};
		33E2D5A11C71A68C00827651 /* testTests */ = {
			isa = PBXGroup;
			children = (
				33E2D5A41C71A68C00827651 /* testTests.m */,
				33E2D5A21C71A68C00827651 /* Supporting Files */,
			);
			path = testTests;
			sourceTree = "<group>";
		};
		33E2D5A21C71A68C00827651 /* Supporting Files */ = {
			isa = PBXGroup;
			children = (
				33E2D5A31C71A68C00827651 /* Info.plist */,
			);
			name = "Supporting Files";
			sourceTree = "<group>";
		};
/* End PBXGroup section */

/* Begin PBXNativeTarget section */
		33E2D5841C71A68C00827651 /* test */ = {
			isa = PBXNativeTarget;
			buildConfigurationList = 33E2D5A81C71A68C00827651 /* Build configuration list for PBXNativeTarget "test" */;
			buildPhases = (
				33E2D5811C71A68C00827651 /* Sources */,
				33E2D5821C71A68C00827651 /* Frameworks */,
				33E2D5831C71A68C00827651 /* Resources */,
			);
			buildRules = (
			);
			dependencies = (
			);
			name = test;
			productName = test;
			productReference = 33E2D5851C71A68C00827651 /* test.app */;
			productType = "com.apple.product-type.application";
		};
		33E2D59D1C71A68C00827651 /* testTests */ = {
			isa = PBXNativeTarget;
			buildConfigurationList = 33E2D5AB1C71A68C00827651 /* Build configuration list for PBXNativeTarget "testTests" */;
			buildPhases = (
				33E2D59A1C71A68C00827651 /* Sources */,
				33E2D59B1C71A68C00827651 /* Frameworks */,
				33E2D59C1C71A68C00827651 /* Resources */,
			);
			buildRules = (
			);
			dependencies = (
				33E2D5A01C71A68C00827651 /* PBXTargetDependency */,
			);
			name = testTests;
			productName = testTests;
			productReference = 33E2D59E1C71A68C00827651 /* testTests.xctest */;
			productType = "com.apple.product-type.bundle.unit-test";
		};
/* End PBXNativeTarget section */

/* Begin PBXProject section */
		33E2D57D1C71A68C00827651 /* Project object */ = {
			isa = PBXProject;
			attributes = {
				LastUpgradeCheck = 0640;
				ORGANIZATIONNAME = leying;
				TargetAttributes = {
					33E2D5841C71A68C00827651 = {
						CreatedOnToolsVersion = 6.4;
					};
					33E2D59D1C71A68C00827651 = {
						CreatedOnToolsVersion = 6.4;
						TestTargetID = 33E2D5841C71A68C00827651;
					};
				};
			};
			buildConfigurationList = 33E2D5801C71A68C00827651 /* Build configuration list for PBXProject "test" */;
			compatibilityVersion = "Xcode 3.2";
			developmentRegion = English;
			hasScannedForEncodings = 0;
			knownRegions = (
				en,
				Base,
			);
			mainGroup = 33E2D57C1C71A68C00827651;
			productRefGroup = 33E2D5861C71A68C00827651 /* Products */;
			projectDirPath = "";
			projectRoot = "";
			targets = (
				33E2D5841C71A68C00827651 /* test */,
				33E2D59D1C71A68C00827651 /* testTests */,
			);
		};
/* End PBXProject section */

/* Begin PBXResourcesBuildPhase section */
		33E2D5831C71A68C00827651 /* Resources */ = {
			isa = PBXResourcesBuildPhase;
			buildActionMask = 2147483647;
			files = (
				33E2D5941C71A68C00827651 /* Main.storyboard in Resources */,
				33E2D5991C71A68C00827651 /* LaunchScreen.xib in Resources */,
				33E2D5961C71A68C00827651 /* Images.xcassets in Resources */,
			);
			runOnlyForDeploymentPostprocessing = 0;
		};
		33E2D59C1C71A68C00827651 /* Resources */ = {
			isa = PBXResourcesBuildPhase;
			buildActionMask = 2147483647;
			files = (
			);
			runOnlyForDeploymentPostprocessing = 0;
		};
/* End PBXResourcesBuildPhase section */

/* Begin PBXSourcesBuildPhase section */
		33E2D5811C71A68C00827651 /* Sources */ = {
			isa = PBXSourcesBuildPhase;
			buildActionMask = 2147483647;
			files = (
				33E2D5911C71A68C00827651 /* ViewController.m in Sources */,
				33E2D5B51C71AF1700827651 /* NSData+AES256.m in Sources */,
				33E2D5B21C71AE6300827651 /* NSString+AES256.m in Sources */,
				33E2D58E1C71A68C00827651 /* AppDelegate.m in Sources */,
				33E2D58B1C71A68C00827651 /* main.m in Sources */,
			);
			runOnlyForDeploymentPostprocessing = 0;
		};
		33E2D59A1C71A68C00827651 /* Sources */ = {
			isa = PBXSourcesBuildPhase;
			buildActionMask = 2147483647;
			files = (
				33E2D5A51C71A68C00827651 /* testTests.m in Sources */,
			);
			runOnlyForDeploymentPostprocessing = 0;
		};
/* End PBXSourcesBuildPhase section */

/* Begin PBXTargetDependency section */
		33E2D5A01C71A68C00827651 /* PBXTargetDependency */ = {
			isa = PBXTargetDependency;
			target = 33E2D5841C71A68C00827651 /* test */;
			targetProxy = 33E2D59F1C71A68C00827651 /* PBXContainerItemProxy */;
		};
/* End PBXTargetDependency section */

/* Begin PBXVariantGroup section */
		33E2D5921C71A68C00827651 /* Main.storyboard */ = {
			isa = PBXVariantGroup;
			children = (
				33E2D5931C71A68C00827651 /* Base */,
			);
			name = Main.storyboard;
			sourceTree = "<group>";
		};
		33E2D5971C71A68C00827651 /* LaunchScreen.xib */ = {
			isa = PBXVariantGroup;
			children = (
				33E2D5981C71A68C00827651 /* Base */,
			);
			name = LaunchScreen.xib;
			sourceTree = "<group>";
		};
/* End PBXVariantGroup section */

/* Begin XCBuildConfiguration section */
		33E2D5A61C71A68C00827651 /* Debug */ = {
			isa = XCBuildConfiguration;
			buildSettings = {
				ALWAYS_SEARCH_USER_PATHS = NO;
				CLANG_CXX_LANGUAGE_STANDARD = "gnu++0x";
				CLANG_CXX_LIBRARY = "libc++";
				CLANG_ENABLE_MODULES = YES;
				CLANG_ENABLE_OBJC_ARC = YES;
				CLANG_WARN_BOOL_CONVERSION = YES;
				CLANG_WARN_CONSTANT_CONVERSION = YES;
				CLANG_WARN_DIRECT_OBJC_ISA_USAGE = YES_ERROR;
				CLANG_WARN_EMPTY_BODY = YES;
				CLANG_WARN_ENUM_CONVERSION = YES;
				CLANG_WARN_INT_CONVERSION = YES;
				CLANG_WARN_OBJC_ROOT_CLASS = YES_ERROR;
				CLANG_WARN_UNREACHABLE_CODE = YES;
				CLANG_WARN__DUPLICATE_METHOD_MATCH = YES;
				"CODE_SIGN_IDENTITY[sdk=iphoneos*]" = "iPhone Developer";
				COPY_PHASE_STRIP = NO;
				DEBUG_INFORMATION_FORMAT = "dwarf-with-dsym";
				ENABLE_STRICT_OBJC_MSGSEND = YES;
				GCC_C_LANGUAGE_STANDARD = gnu99;
				GCC_DYNAMIC_NO_PIC = NO;
				GCC_NO_COMMON_BLOCKS = YES;
				GCC_OPTIMIZATION_LEVEL = 0;
				GCC_PREPROCESSOR_DEFINITIONS = (
					"DEBUG=1",
					"$(inherited)",
				);
				GCC_SYMBOLS_PRIVATE_EXTERN = NO;
				GCC_WARN_64_TO_32_BIT_CONVERSION = YES;
				GCC_WARN_ABOUT_RETURN_TYPE = YES_ERROR;
				GCC_WARN_UNDECLARED_SELECTOR = YES;
				GCC_WARN_UNINITIALIZED_AUTOS = YES_AGGRESSIVE;
				GCC_WARN_UNUSED_FUNCTION = YES;
				GCC_WARN_UNUSED_VARIABLE = YES;
				IPHONEOS_DEPLOYMENT_TARGET = 8.4;
				MTL_ENABLE_DEBUG_INFO = YES;
				ONLY_ACTIVE_ARCH = YES;
				SDKROOT = iphoneos;
				TARGETED_DEVICE_FAMILY = "1,2";
			};
			name = Debug;
		};
		33E2D5A71C71A68C00827651 /* Release */ = {
			isa = XCBuildConfiguration;
			buildSettings = {
				ALWAYS_SEARCH_USER_PATHS = NO;
				CLANG_CXX_LANGUAGE_STANDARD = "gnu++0x";
				CLANG_CXX_LIBRARY = "libc++";
				CLANG_ENABLE_MODULES = YES;
				CLANG_ENABLE_OBJC_ARC = YES;
				CLANG_WARN_BOOL_CONVERSION = YES;
				CLANG_WARN_CONSTANT_CONVERSION = YES;
				CLANG_WARN_DIRECT_OBJC_ISA_USAGE = YES_ERROR;
				CLANG_WARN_EMPTY_BODY = YES;
				CLANG_WARN_ENUM_CONVERSION = YES;
				CLANG_WARN_INT_CONVERSION = YES;
				CLANG_WARN_OBJC_ROOT_CLASS = YES_ERROR;
				CLANG_WARN_UNREACHABLE_CODE = YES;
				CLANG_WARN__DUPLICATE_METHOD_MATCH = YES;
				"CODE_SIGN_IDENTITY[sdk=iphoneos*]" = "iPhone Developer";
				COPY_PHASE_STRIP = NO;
				DEBUG_INFORMATION_FORMAT = "dwarf-with-dsym";
				ENABLE_NS_ASSERTIONS = NO;
				ENABLE_STRICT_OBJC_MSGSEND = YES;
				GCC_C_LANGUAGE_STANDARD = gnu99;
				GCC_NO_COMMON_BLOCKS = YES;
				GCC_WARN_64_TO_32_BIT_CONVERSION = YES;
				GCC_WARN_ABOUT_RETURN_TYPE = YES_ERROR;
				GCC_WARN_UNDECLARED_SELECTOR = YES;
				GCC_WARN_UNINITIALIZED_AUTOS = YES_AGGRESSIVE;
				GCC_WARN_UNUSED_FUNCTION = YES;
				GCC_WARN_UNUSED_VARIABLE = YES;
				IPHONEOS_DEPLOYMENT_TARGET = 8.4;
				MTL_ENABLE_DEBUG_INFO = NO;
				SDKROOT = iphoneos;
				TARGETED_DEVICE_FAMILY = "1,2";
				VALIDATE_PRODUCT = YES;
			};
			name = Release;
		};
		33E2D5A91C71A68C00827651 /* Debug */ = {
			isa = XCBuildConfiguration;
			buildSettings = {
				ASSETCATALOG_COMPILER_APPICON_NAME = AppIcon;
				INFOPLIST_FILE = test/Info.plist;
				LD_RUNPATH_SEARCH_PATHS = "$(inherited) @executable_path/Frameworks";
				PRODUCT_NAME = "$(TARGET_NAME)";
			};
			name = Debug;
		};
		33E2D5AA1C71A68C00827651 /* Release */ = {
			isa = XCBuildConfiguration;
			buildSettings = {
				ASSETCATALOG_COMPILER_APPICON_NAME = AppIcon;
				INFOPLIST_FILE = test/Info.plist;
				LD_RUNPATH_SEARCH_PATHS = "$(inherited) @executable_path/Frameworks";
				PRODUCT_NAME = "$(TARGET_NAME)";
			};
			name = Release;
		};
		33E2D5AC1C71A68C00827651 /* Debug */ = {
			isa = XCBuildConfiguration;
			buildSettings = {
				BUNDLE_LOADER = "$(TEST_HOST)";
				FRAMEWORK_SEARCH_PATHS = (
					"$(SDKROOT)/Developer/Library/Frameworks",
					"$(inherited)",
				);
				GCC_PREPROCESSOR_DEFINITIONS = (
					"DEBUG=1",
					"$(inherited)",
				);
				INFOPLIST_FILE = testTests/Info.plist;
				LD_RUNPATH_SEARCH_PATHS = "$(inherited) @executable_path/Frameworks @loader_path/Frameworks";
				PRODUCT_NAME = "$(TARGET_NAME)";
				TEST_HOST = "$(BUILT_PRODUCTS_DIR)/test.app/test";
			};
			name = Debug;
		};
		33E2D5AD1C71A68C00827651 /* Release */ = {
			isa = XCBuildConfiguration;
			buildSettings = {
				BUNDLE_LOADER = "$(TEST_HOST)";
				FRAMEWORK_SEARCH_PATHS = (
					"$(SDKROOT)/Developer/Library/Frameworks",
					"$(inherited)",
				);
				INFOPLIST_FILE = testTests/Info.plist;
				LD_RUNPATH_SEARCH_PATHS = "$(inherited) @executable_path/Frameworks @loader_path/Frameworks";
				PRODUCT_NAME = "$(TARGET_NAME)";
				TEST_HOST = "$(BUILT_PRODUCTS_DIR)/test.app/test";
			};
			name = Release;
		};
/* End XCBuildConfiguration section */

/* Begin XCConfigurationList section */
		33E2D5801C71A68C00827651 /* Build configuration list for PBXProject "test" */ = {
			isa = XCConfigurationList;
			buildConfigurations = (
				33E2D5A61C71A68C00827651 /* Debug */,
				33E2D5A71C71A68C00827651 /* Release */,
			);
			defaultConfigurationIsVisible = 0;
			defaultConfigurationName = Release;
		};
		33E2D5A81C71A68C00827651 /* Build configuration list for PBXNativeTarget "test" */ = {
			isa = XCConfigurationList;
			buildConfigurations = (
				33E2D5A91C71A68C00827651 /* Debug */,
				33E2D5AA1C71A68C00827651 /* Release */,
			);
			defaultConfigurationIsVisible = 0;
			defaultConfigurationName = Release;
		};
		33E2D5AB1C71A68C00827651 /* Build configuration list for PBXNativeTarget "testTests" */ = {
			isa = XCConfigurationList;
			buildConfigurations = (
				33E2D5AC1C71A68C00827651 /* Debug */,
				33E2D5AD1C71A68C00827651 /* Release */,
			);
			defaultConfigurationIsVisible = 0;
			defaultConfigurationName = Release;
		};
/* End XCConfigurationList section */
	};
	rootObject = 33E2D57D1C71A68C00827651 /* Project object */;
}
